
Microsoft Visual Studio Solution File, Format Version 10.00
# Visual Studio 2008
Project("{FAE04EC0-301F-11D3-BF4B-00C04F79EFBC}") = "webservice", "webservice\webservice.csproj", "{2B1A7917-28D7-4FB8-91AC-EDBF48FCF104}"
EndProject
Global
	GlobalSection(SolutionConfigurationPlatforms) = preSolution
		Debug|Any CPU = Debug|Any CPU
		Release|Any CPU = Release|Any CPU
	EndGlobalSection
	GlobalSection(ProjectConfigurationPlatforms) = postSolution
		{2B1A7917-28D7-4FB8-91AC-EDBF48FCF104}.Debug|Any CPU.ActiveCfg = Debug|Any CPU
		{2B1A7917-28D7-4FB8-91AC-EDBF48FCF104}.Debug|Any CPU.Build.0 = Debug|Any CPU
		{2B1A7917-28D7-4FB8-91AC-EDBF48FCF104}.Release|Any CPU.ActiveCfg = Release|Any CPU
		{2B1A7917-28D7-4FB8-91AC-EDBF48FCF104}.Release|Any CPU.Build.0 = Release|Any CPU
	EndGlobalSection
	GlobalSection(SolutionProperties) = preSolution
		HideSolutionNode = FALSE
	EndGlobalSection
EndGlobal
